
Microsoft Visual Studio Solution File, Format Version 12.00
# Visual Studio 15
VisualStudioVersion = 15.0.27004.2009
MinimumVisualStudioVersion = 10.0.40219.1
Project("{FAE04EC0-301F-11D3-BF4B-00C04F79EFBC}") = "LanguageSnippets.Web", "LanguageSnippets.Web\LanguageSnippets.Web.csproj", "{2F7B2C27-9239-4AEF-8899-3FE8AD11725F}"
EndProject
Global
	GlobalSection(SolutionConfigurationPlatforms) = preSolution
		Debug|Any CPU = Debug|Any CPU
		Release|Any CPU = Release|Any CPU
	EndGlobalSection
	GlobalSection(ProjectConfigurationPlatforms) = postSolution
		{2F7B2C27-9239-4AEF-8899-3FE8AD11725F}.Debug|Any CPU.ActiveCfg = Debug|Any CPU
		{2F7B2C27-9239-4AEF-8899-3FE8AD11725F}.Debug|Any CPU.Build.0 = Debug|Any CPU
		{2F7B2C27-9239-4AEF-8899-3FE8AD11725F}.Release|Any CPU.ActiveCfg = Release|Any CPU
		{2F7B2C27-9239-4AEF-8899-3FE8AD11725F}.Release|Any CPU.Build.0 = Release|Any CPU
	EndGlobalSection
	GlobalSection(SolutionProperties) = preSolution
		HideSolutionNode = FALSE
	EndGlobalSection
	GlobalSection(ExtensibilityGlobals) = postSolution
		SolutionGuid = {E01C2253-3ADB-47F3-BA2F-B10FF82210CC}
	EndGlobalSection
EndGlobal
